
Microsoft Visual Studio Solution File, Format Version 12.00
# Visual Studio Version 17
VisualStudioVersion = 17.0.31903.59
MinimumVisualStudioVersion = 10.0.40219.1
Project("{FAE04EC0-301F-11D3-BF4B-00C04F79EFBC}") = "ConsoleApp1", "ConsoleApp1\ConsoleApp1.csproj", "{39544A43-F7C9-42DE-8D23-99F6DB3EAF61}"
EndProject
Project("{FAE04EC0-301F-11D3-BF4B-00C04F79EFBC}") = "ConsoleApp2", "ConsoleApp2\ConsoleApp2.csproj", "{91F1A247-A5AA-4086-8901-37A772F69B9D}"
EndProject
Project("{FAE04EC0-301F-11D3-BF4B-00C04F79EFBC}") = "FooBar", "FooBar\FooBar.csproj", "{E070E038-CE0F-4BCB-8C98-5A566EC5D48A}"
EndProject
Project("{FAE04EC0-301F-11D3-BF4B-00C04F79EFBC}") = "Learn", "Learn\Learn.csproj", "{904AB07F-CB2C-4619-AD43-AE383929BE47}"
EndProject
Project("{FAE04EC0-301F-11D3-BF4B-00C04F79EFBC}") = "DSA", "DSA\DSA.csproj", "{D766F243-61AB-41CD-A28C-8F0C80FB9826}"
EndProject
Project("{FAE04EC0-301F-11D3-BF4B-00C04F79EFBC}") = "LearnOOP", "LearnOOP\LearnOOP.csproj", "{825DEC42-BDEB-4D08-8A03-9504F84EB61D}"
EndProject
Project("{FAE04EC0-301F-11D3-BF4B-00C04F79EFBC}") = "SimpleParkingApp", "SimpleParkingApp\SimpleParkingApp.csproj", "{4AC9D561-6314-41E0-A322-DCA04A02E11B}"
EndProject
Project("{FAE04EC0-301F-11D3-BF4B-00C04F79EFBC}") = "OrderFoodApp", "OrderFoodApp\OrderFoodApp.csproj", "{BEF5C575-0699-439C-8352-1CE61CBC5E47}"
EndProject
Project("{FAE04EC0-301F-11D3-BF4B-00C04F79EFBC}") = "GymApp", "GymApp\GymApp.csproj", "{8F96AE0E-A1FD-4609-BD38-34819FF708BB}"
EndProject
Project("{FAE04EC0-301F-11D3-BF4B-00C04F79EFBC}") = "SimpleCRUD", "SimpleCRUD\SimpleCRUD.csproj", "{A2FF44FF-E322-40A9-B74A-222D89AAFCB3}"
EndProject
Global
	GlobalSection(SolutionConfigurationPlatforms) = preSolution
		Debug|Any CPU = Debug|Any CPU
		Debug|x64 = Debug|x64
		Debug|x86 = Debug|x86
		Release|Any CPU = Release|Any CPU
		Release|x64 = Release|x64
		Release|x86 = Release|x86
	EndGlobalSection
	GlobalSection(ProjectConfigurationPlatforms) = postSolution
		{39544A43-F7C9-42DE-8D23-99F6DB3EAF61}.Debug|Any CPU.ActiveCfg = Debug|Any CPU
		{39544A43-F7C9-42DE-8D23-99F6DB3EAF61}.Debug|Any CPU.Build.0 = Debug|Any CPU
		{39544A43-F7C9-42DE-8D23-99F6DB3EAF61}.Debug|x64.ActiveCfg = Debug|Any CPU
		{39544A43-F7C9-42DE-8D23-99F6DB3EAF61}.Debug|x64.Build.0 = Debug|Any CPU
		{39544A43-F7C9-42DE-8D23-99F6DB3EAF61}.Debug|x86.ActiveCfg = Debug|Any CPU
		{39544A43-F7C9-42DE-8D23-99F6DB3EAF61}.Debug|x86.Build.0 = Debug|Any CPU
		{39544A43-F7C9-42DE-8D23-99F6DB3EAF61}.Release|Any CPU.ActiveCfg = Release|Any CPU
		{39544A43-F7C9-42DE-8D23-99F6DB3EAF61}.Release|Any CPU.Build.0 = Release|Any CPU
		{39544A43-F7C9-42DE-8D23-99F6DB3EAF61}.Release|x64.ActiveCfg = Release|Any CPU
		{39544A43-F7C9-42DE-8D23-99F6DB3EAF61}.Release|x64.Build.0 = Release|Any CPU
		{39544A43-F7C9-42DE-8D23-99F6DB3EAF61}.Release|x86.ActiveCfg = Release|Any CPU
		{39544A43-F7C9-42DE-8D23-99F6DB3EAF61}.Release|x86.Build.0 = Release|Any CPU
		{91F1A247-A5AA-4086-8901-37A772F69B9D}.Debug|Any CPU.ActiveCfg = Debug|Any CPU
		{91F1A247-A5AA-4086-8901-37A772F69B9D}.Debug|Any CPU.Build.0 = Debug|Any CPU
		{91F1A247-A5AA-4086-8901-37A772F69B9D}.Debug|x64.ActiveCfg = Debug|Any CPU
		{91F1A247-A5AA-4086-8901-37A772F69B9D}.Debug|x64.Build.0 = Debug|Any CPU
		{91F1A247-A5AA-4086-8901-37A772F69B9D}.Debug|x86.ActiveCfg = Debug|Any CPU
		{91F1A247-A5AA-4086-8901-37A772F69B9D}.Debug|x86.Build.0 = Debug|Any CPU
		{91F1A247-A5AA-4086-8901-37A772F69B9D}.Release|Any CPU.ActiveCfg = Release|Any CPU
		{91F1A247-A5AA-4086-8901-37A772F69B9D}.Release|Any CPU.Build.0 = Release|Any CPU
		{91F1A247-A5AA-4086-8901-37A772F69B9D}.Release|x64.ActiveCfg = Release|Any CPU
		{91F1A247-A5AA-4086-8901-37A772F69B9D}.Release|x64.Build.0 = Release|Any CPU
		{91F1A247-A5AA-4086-8901-37A772F69B9D}.Release|x86.ActiveCfg = Release|Any CPU
		{91F1A247-A5AA-4086-8901-37A772F69B9D}.Release|x86.Build.0 = Release|Any CPU
		{E070E038-CE0F-4BCB-8C98-5A566EC5D48A}.Debug|Any CPU.ActiveCfg = Debug|Any CPU
		{E070E038-CE0F-4BCB-8C98-5A566EC5D48A}.Debug|Any CPU.Build.0 = Debug|Any CPU
		{E070E038-CE0F-4BCB-8C98-5A566EC5D48A}.Debug|x64.ActiveCfg = Debug|Any CPU
		{E070E038-CE0F-4BCB-8C98-5A566EC5D48A}.Debug|x64.Build.0 = Debug|Any CPU
		{E070E038-CE0F-4BCB-8C98-5A566EC5D48A}.Debug|x86.ActiveCfg = Debug|Any CPU
		{E070E038-CE0F-4BCB-8C98-5A566EC5D48A}.Debug|x86.Build.0 = Debug|Any CPU
		{E070E038-CE0F-4BCB-8C98-5A566EC5D48A}.Release|Any CPU.ActiveCfg = Release|Any CPU
		{E070E038-CE0F-4BCB-8C98-5A566EC5D48A}.Release|Any CPU.Build.0 = Release|Any CPU
		{E070E038-CE0F-4BCB-8C98-5A566EC5D48A}.Release|x64.ActiveCfg = Release|Any CPU
		{E070E038-CE0F-4BCB-8C98-5A566EC5D48A}.Release|x64.Build.0 = Release|Any CPU
		{E070E038-CE0F-4BCB-8C98-5A566EC5D48A}.Release|x86.ActiveCfg = Release|Any CPU
		{E070E038-CE0F-4BCB-8C98-5A566EC5D48A}.Release|x86.Build.0 = Release|Any CPU
		{904AB07F-CB2C-4619-AD43-AE383929BE47}.Debug|Any CPU.ActiveCfg = Debug|Any CPU
		{904AB07F-CB2C-4619-AD43-AE383929BE47}.Debug|Any CPU.Build.0 = Debug|Any CPU
		{904AB07F-CB2C-4619-AD43-AE383929BE47}.Debug|x64.ActiveCfg = Debug|Any CPU
		{904AB07F-CB2C-4619-AD43-AE383929BE47}.Debug|x64.Build.0 = Debug|Any CPU
		{904AB07F-CB2C-4619-AD43-AE383929BE47}.Debug|x86.ActiveCfg = Debug|Any CPU
		{904AB07F-CB2C-4619-AD43-AE383929BE47}.Debug|x86.Build.0 = Debug|Any CPU
		{904AB07F-CB2C-4619-AD43-AE383929BE47}.Release|Any CPU.ActiveCfg = Release|Any CPU
		{904AB07F-CB2C-4619-AD43-AE383929BE47}.Release|Any CPU.Build.0 = Release|Any CPU
		{904AB07F-CB2C-4619-AD43-AE383929BE47}.Release|x64.ActiveCfg = Release|Any CPU
		{904AB07F-CB2C-4619-AD43-AE383929BE47}.Release|x64.Build.0 = Release|Any CPU
		{904AB07F-CB2C-4619-AD43-AE383929BE47}.Release|x86.ActiveCfg = Release|Any CPU
		{904AB07F-CB2C-4619-AD43-AE383929BE47}.Release|x86.Build.0 = Release|Any CPU
		{D766F243-61AB-41CD-A28C-8F0C80FB9826}.Debug|Any CPU.ActiveCfg = Debug|Any CPU
		{D766F243-61AB-41CD-A28C-8F0C80FB9826}.Debug|Any CPU.Build.0 = Debug|Any CPU
		{D766F243-61AB-41CD-A28C-8F0C80FB9826}.Debug|x64.ActiveCfg = Debug|Any CPU
		{D766F243-61AB-41CD-A28C-8F0C80FB9826}.Debug|x64.Build.0 = Debug|Any CPU
		{D766F243-61AB-41CD-A28C-8F0C80FB9826}.Debug|x86.ActiveCfg = Debug|Any CPU
		{D766F243-61AB-41CD-A28C-8F0C80FB9826}.Debug|x86.Build.0 = Debug|Any CPU
		{D766F243-61AB-41CD-A28C-8F0C80FB9826}.Release|Any CPU.ActiveCfg = Release|Any CPU
		{D766F243-61AB-41CD-A28C-8F0C80FB9826}.Release|Any CPU.Build.0 = Release|Any CPU
		{D766F243-61AB-41CD-A28C-8F0C80FB9826}.Release|x64.ActiveCfg = Release|Any CPU
		{D766F243-61AB-41CD-A28C-8F0C80FB9826}.Release|x64.Build.0 = Release|Any CPU
		{D766F243-61AB-41CD-A28C-8F0C80FB9826}.Release|x86.ActiveCfg = Release|Any CPU
		{D766F243-61AB-41CD-A28C-8F0C80FB9826}.Release|x86.Build.0 = Release|Any CPU
		{825DEC42-BDEB-4D08-8A03-9504F84EB61D}.Debug|Any CPU.ActiveCfg = Debug|Any CPU
		{825DEC42-BDEB-4D08-8A03-9504F84EB61D}.Debug|Any CPU.Build.0 = Debug|Any CPU
		{825DEC42-BDEB-4D08-8A03-9504F84EB61D}.Debug|x64.ActiveCfg = Debug|Any CPU
		{825DEC42-BDEB-4D08-8A03-9504F84EB61D}.Debug|x64.Build.0 = Debug|Any CPU
		{825DEC42-BDEB-4D08-8A03-9504F84EB61D}.Debug|x86.ActiveCfg = Debug|Any CPU
		{825DEC42-BDEB-4D08-8A03-9504F84EB61D}.Debug|x86.Build.0 = Debug|Any CPU
		{825DEC42-BDEB-4D08-8A03-9504F84EB61D}.Release|Any CPU.ActiveCfg = Release|Any CPU
		{825DEC42-BDEB-4D08-8A03-9504F84EB61D}.Release|Any CPU.Build.0 = Release|Any CPU
		{825DEC42-BDEB-4D08-8A03-9504F84EB61D}.Release|x64.ActiveCfg = Release|Any CPU
		{825DEC42-BDEB-4D08-8A03-9504F84EB61D}.Release|x64.Build.0 = Release|Any CPU
		{825DEC42-BDEB-4D08-8A03-9504F84EB61D}.Release|x86.ActiveCfg = Release|Any CPU
		{825DEC42-BDEB-4D08-8A03-9504F84EB61D}.Release|x86.Build.0 = Release|Any CPU
		{4AC9D561-6314-41E0-A322-DCA04A02E11B}.Debug|Any CPU.ActiveCfg = Debug|Any CPU
		{4AC9D561-6314-41E0-A322-DCA04A02E11B}.Debug|Any CPU.Build.0 = Debug|Any CPU
		{4AC9D561-6314-41E0-A322-DCA04A02E11B}.Debug|x64.ActiveCfg = Debug|Any CPU
		{4AC9D561-6314-41E0-A322-DCA04A02E11B}.Debug|x64.Build.0 = Debug|Any CPU
		{4AC9D561-6314-41E0-A322-DCA04A02E11B}.Debug|x86.ActiveCfg = Debug|Any CPU
		{4AC9D561-6314-41E0-A322-DCA04A02E11B}.Debug|x86.Build.0 = Debug|Any CPU
		{4AC9D561-6314-41E0-A322-DCA04A02E11B}.Release|Any CPU.ActiveCfg = Release|Any CPU
		{4AC9D561-6314-41E0-A322-DCA04A02E11B}.Release|Any CPU.Build.0 = Release|Any CPU
		{4AC9D561-6314-41E0-A322-DCA04A02E11B}.Release|x64.ActiveCfg = Release|Any CPU
		{4AC9D561-6314-41E0-A322-DCA04A02E11B}.Release|x64.Build.0 = Release|Any CPU
		{4AC9D561-6314-41E0-A322-DCA04A02E11B}.Release|x86.ActiveCfg = Release|Any CPU
		{4AC9D561-6314-41E0-A322-DCA04A02E11B}.Release|x86.Build.0 = Release|Any CPU
		{BEF5C575-0699-439C-8352-1CE61CBC5E47}.Debug|Any CPU.ActiveCfg = Debug|Any CPU
		{BEF5C575-0699-439C-8352-1CE61CBC5E47}.Debug|Any CPU.Build.0 = Debug|Any CPU
		{BEF5C575-0699-439C-8352-1CE61CBC5E47}.Debug|x64.ActiveCfg = Debug|Any CPU
		{BEF5C575-0699-439C-8352-1CE61CBC5E47}.Debug|x64.Build.0 = Debug|Any CPU
		{BEF5C575-0699-439C-8352-1CE61CBC5E47}.Debug|x86.ActiveCfg = Debug|Any CPU
		{BEF5C575-0699-439C-8352-1CE61CBC5E47}.Debug|x86.Build.0 = Debug|Any CPU
		{BEF5C575-0699-439C-8352-1CE61CBC5E47}.Release|Any CPU.ActiveCfg = Release|Any CPU
		{BEF5C575-0699-439C-8352-1CE61CBC5E47}.Release|Any CPU.Build.0 = Release|Any CPU
		{BEF5C575-0699-439C-8352-1CE61CBC5E47}.Release|x64.ActiveCfg = Release|Any CPU
		{BEF5C575-0699-439C-8352-1CE61CBC5E47}.Release|x64.Build.0 = Release|Any CPU
		{BEF5C575-0699-439C-8352-1CE61CBC5E47}.Release|x86.ActiveCfg = Release|Any CPU
		{BEF5C575-0699-439C-8352-1CE61CBC5E47}.Release|x86.Build.0 = Release|Any CPU
		{8F96AE0E-A1FD-4609-BD38-34819FF708BB}.Debug|Any CPU.ActiveCfg = Debug|Any CPU
		{8F96AE0E-A1FD-4609-BD38-34819FF708BB}.Debug|Any CPU.Build.0 = Debug|Any CPU
		{8F96AE0E-A1FD-4609-BD38-34819FF708BB}.Debug|x64.ActiveCfg = Debug|Any CPU
		{8F96AE0E-A1FD-4609-BD38-34819FF708BB}.Debug|x64.Build.0 = Debug|Any CPU
		{8F96AE0E-A1FD-4609-BD38-34819FF708BB}.Debug|x86.ActiveCfg = Debug|Any CPU
		{8F96AE0E-A1FD-4609-BD38-34819FF708BB}.Debug|x86.Build.0 = Debug|Any CPU
		{8F96AE0E-A1FD-4609-BD38-34819FF708BB}.Release|Any CPU.ActiveCfg = Release|Any CPU
		{8F96AE0E-A1FD-4609-BD38-34819FF708BB}.Release|Any CPU.Build.0 = Release|Any CPU
		{8F96AE0E-A1FD-4609-BD38-34819FF708BB}.Release|x64.ActiveCfg = Release|Any CPU
		{8F96AE0E-A1FD-4609-BD38-34819FF708BB}.Release|x64.Build.0 = Release|Any CPU
		{8F96AE0E-A1FD-4609-BD38-34819FF708BB}.Release|x86.ActiveCfg = Release|Any CPU
		{8F96AE0E-A1FD-4609-BD38-34819FF708BB}.Release|x86.Build.0 = Release|Any CPU
		{A2FF44FF-E322-40A9-B74A-222D89AAFCB3}.Debug|Any CPU.ActiveCfg = Debug|Any CPU
		{A2FF44FF-E322-40A9-B74A-222D89AAFCB3}.Debug|Any CPU.Build.0 = Debug|Any CPU
		{A2FF44FF-E322-40A9-B74A-222D89AAFCB3}.Debug|x64.ActiveCfg = Debug|Any CPU
		{A2FF44FF-E322-40A9-B74A-222D89AAFCB3}.Debug|x64.Build.0 = Debug|Any CPU
		{A2FF44FF-E322-40A9-B74A-222D89AAFCB3}.Debug|x86.ActiveCfg = Debug|Any CPU
		{A2FF44FF-E322-40A9-B74A-222D89AAFCB3}.Debug|x86.Build.0 = Debug|Any CPU
		{A2FF44FF-E322-40A9-B74A-222D89AAFCB3}.Release|Any CPU.ActiveCfg = Release|Any CPU
		{A2FF44FF-E322-40A9-B74A-222D89AAFCB3}.Release|Any CPU.Build.0 = Release|Any CPU
		{A2FF44FF-E322-40A9-B74A-222D89AAFCB3}.Release|x64.ActiveCfg = Release|Any CPU
		{A2FF44FF-E322-40A9-B74A-222D89AAFCB3}.Release|x64.Build.0 = Release|Any CPU
		{A2FF44FF-E322-40A9-B74A-222D89AAFCB3}.Release|x86.ActiveCfg = Release|Any CPU
		{A2FF44FF-E322-40A9-B74A-222D89AAFCB3}.Release|x86.Build.0 = Release|Any CPU
	EndGlobalSection
	GlobalSection(SolutionProperties) = preSolution
		HideSolutionNode = FALSE
	EndGlobalSection
EndGlobal
