
Microsoft Visual Studio Solution File, Format Version 12.00
# Visual Studio Version 17
VisualStudioVersion = 17.0.31903.59
MinimumVisualStudioVersion = 10.0.40219.1
Project("{FAE04EC0-301F-11D3-BF4B-00C04F79EFBC}") = "ConsoleApp1", "ConsoleApp1\ConsoleApp1.csproj", "{39544A43-F7C9-42DE-8D23-99F6DB3EAF61}"
EndProject
Project("{FAE04EC0-301F-11D3-BF4B-00C04F79EFBC}") = "ConsoleApp2", "ConsoleApp2\ConsoleApp2.csproj", "{91F1A247-A5AA-4086-8901-37A772F69B9D}"
EndProject
Project("{FAE04EC0-301F-11D3-BF4B-00C04F79EFBC}") = "FooBar", "FooBar\FooBar.csproj", "{E070E038-CE0F-4BCB-8C98-5A566EC5D48A}"
EndProject
Project("{FAE04EC0-301F-11D3-BF4B-00C04F79EFBC}") = "Learn", "Learn\Learn.csproj", "{904AB07F-CB2C-4619-AD43-AE383929BE47}"
EndProject
Project("{FAE04EC0-301F-11D3-BF4B-00C04F79EFBC}") = "DSA", "DSA\DSA.csproj", "{D766F243-61AB-41CD-A28C-8F0C80FB9826}"
EndProject
Project("{FAE04EC0-301F-11D3-BF4B-00C04F79EFBC}") = "LearnOOP", "LearnOOP\LearnOOP.csproj", "{825DEC42-BDEB-4D08-8A03-9504F84EB61D}"
EndProject
Global
	GlobalSection(SolutionConfigurationPlatforms) = preSolution
		Debug|Any CPU = Debug|Any CPU
		Debug|x64 = Debug|x64
		Debug|x86 = Debug|x86
		Release|Any CPU = Release|Any CPU
		Release|x64 = Release|x64
		Release|x86 = Release|x86
	EndGlobalSection
	GlobalSection(ProjectConfigurationPlatforms) = postSolution
		{39544A43-F7C9-42DE-8D23-99F6DB3EAF61}.Debug|Any CPU.ActiveCfg = Debug|Any CPU
		{39544A43-F7C9-42DE-8D23-99F6DB3EAF61}.Debug|Any CPU.Build.0 = Debug|Any CPU
		{39544A43-F7C9-42DE-8D23-99F6DB3EAF61}.Debug|x64.ActiveCfg = Debug|Any CPU
		{39544A43-F7C9-42DE-8D23-99F6DB3EAF61}.Debug|x64.Build.0 = Debug|Any CPU
		{39544A43-F7C9-42DE-8D23-99F6DB3EAF61}.Debug|x86.ActiveCfg = Debug|Any CPU
		{39544A43-F7C9-42DE-8D23-99F6DB3EAF61}.Debug|x86.Build.0 = Debug|Any CPU
		{39544A43-F7C9-42DE-8D23-99F6DB3EAF61}.Release|Any CPU.ActiveCfg = Release|Any CPU
		{39544A43-F7C9-42DE-8D23-99F6DB3EAF61}.Release|Any CPU.Build.0 = Release|Any CPU
		{39544A43-F7C9-42DE-8D23-99F6DB3EAF61}.Release|x64.ActiveCfg = Release|Any CPU
		{39544A43-F7C9-42DE-8D23-99F6DB3EAF61}.Release|x64.Build.0 = Release|Any CPU
		{39544A43-F7C9-42DE-8D23-99F6DB3EAF61}.Release|x86.ActiveCfg = Release|Any CPU
		{39544A43-F7C9-42DE-8D23-99F6DB3EAF61}.Release|x86.Build.0 = Release|Any CPU
		{91F1A247-A5AA-4086-8901-37A772F69B9D}.Debug|Any CPU.ActiveCfg = Debug|Any CPU
		{91F1A247-A5AA-4086-8901-37A772F69B9D}.Debug|Any CPU.Build.0 = Debug|Any CPU
		{91F1A247-A5AA-4086-8901-37A772F69B9D}.Debug|x64.ActiveCfg = Debug|Any CPU
		{91F1A247-A5AA-4086-8901-37A772F69B9D}.Debug|x64.Build.0 = Debug|Any CPU
		{91F1A247-A5AA-4086-8901-37A772F69B9D}.Debug|x86.ActiveCfg = Debug|Any CPU
		{91F1A247-A5AA-4086-8901-37A772F69B9D}.Debug|x86.Build.0 = Debug|Any CPU
		{91F1A247-A5AA-4086-8901-37A772F69B9D}.Release|Any CPU.ActiveCfg = Release|Any CPU
		{91F1A247-A5AA-4086-8901-37A772F69B9D}.Release|Any CPU.Build.0 = Release|Any CPU
		{91F1A247-A5AA-4086-8901-37A772F69B9D}.Release|x64.ActiveCfg = Release|Any CPU
		{91F1A247-A5AA-4086-8901-37A772F69B9D}.Release|x64.Build.0 = Release|Any CPU
		{91F1A247-A5AA-4086-8901-37A772F69B9D}.Release|x86.ActiveCfg = Release|Any CPU
		{91F1A247-A5AA-4086-8901-37A772F69B9D}.Release|x86.Build.0 = Release|Any CPU
		{E070E038-CE0F-4BCB-8C98-5A566EC5D48A}.Debug|Any CPU.ActiveCfg = Debug|Any CPU
		{E070E038-CE0F-4BCB-8C98-5A566EC5D48A}.Debug|Any CPU.Build.0 = Debug|Any CPU
		{E070E038-CE0F-4BCB-8C98-5A566EC5D48A}.Debug|x64.ActiveCfg = Debug|Any CPU
		{E070E038-CE0F-4BCB-8C98-5A566EC5D48A}.Debug|x64.Build.0 = Debug|Any CPU
		{E070E038-CE0F-4BCB-8C98-5A566EC5D48A}.Debug|x86.ActiveCfg = Debug|Any CPU
		{E070E038-CE0F-4BCB-8C98-5A566EC5D48A}.Debug|x86.Build.0 = Debug|Any CPU
		{E070E038-CE0F-4BCB-8C98-5A566EC5D48A}.Release|Any CPU.ActiveCfg = Release|Any CPU
		{E070E038-CE0F-4BCB-8C98-5A566EC5D48A}.Release|Any CPU.Build.0 = Release|Any CPU
		{E070E038-CE0F-4BCB-8C98-5A566EC5D48A}.Release|x64.ActiveCfg = Release|Any CPU
		{E070E038-CE0F-4BCB-8C98-5A566EC5D48A}.Release|x64.Build.0 = Release|Any CPU
		{E070E038-CE0F-4BCB-8C98-5A566EC5D48A}.Release|x86.ActiveCfg = Release|Any CPU
		{E070E038-CE0F-4BCB-8C98-5A566EC5D48A}.Release|x86.Build.0 = Release|Any CPU
		{904AB07F-CB2C-4619-AD43-AE383929BE47}.Debug|Any CPU.ActiveCfg = Debug|Any CPU
		{904AB07F-CB2C-4619-AD43-AE383929BE47}.Debug|Any CPU.Build.0 = Debug|Any CPU
		{904AB07F-CB2C-4619-AD43-AE383929BE47}.Debug|x64.ActiveCfg = Debug|Any CPU
		{904AB07F-CB2C-4619-AD43-AE383929BE47}.Debug|x64.Build.0 = Debug|Any CPU
		{904AB07F-CB2C-4619-AD43-AE383929BE47}.Debug|x86.ActiveCfg = Debug|Any CPU
		{904AB07F-CB2C-4619-AD43-AE383929BE47}.Debug|x86.Build.0 = Debug|Any CPU
		{904AB07F-CB2C-4619-AD43-AE383929BE47}.Release|Any CPU.ActiveCfg = Release|Any CPU
		{904AB07F-CB2C-4619-AD43-AE383929BE47}.Release|Any CPU.Build.0 = Release|Any CPU
		{904AB07F-CB2C-4619-AD43-AE383929BE47}.Release|x64.ActiveCfg = Release|Any CPU
		{904AB07F-CB2C-4619-AD43-AE383929BE47}.Release|x64.Build.0 = Release|Any CPU
		{904AB07F-CB2C-4619-AD43-AE383929BE47}.Release|x86.ActiveCfg = Release|Any CPU
		{904AB07F-CB2C-4619-AD43-AE383929BE47}.Release|x86.Build.0 = Release|Any CPU
		{D766F243-61AB-41CD-A28C-8F0C80FB9826}.Debug|Any CPU.ActiveCfg = Debug|Any CPU
		{D766F243-61AB-41CD-A28C-8F0C80FB9826}.Debug|Any CPU.Build.0 = Debug|Any CPU
		{D766F243-61AB-41CD-A28C-8F0C80FB9826}.Debug|x64.ActiveCfg = Debug|Any CPU
		{D766F243-61AB-41CD-A28C-8F0C80FB9826}.Debug|x64.Build.0 = Debug|Any CPU
		{D766F243-61AB-41CD-A28C-8F0C80FB9826}.Debug|x86.ActiveCfg = Debug|Any CPU
		{D766F243-61AB-41CD-A28C-8F0C80FB9826}.Debug|x86.Build.0 = Debug|Any CPU
		{D766F243-61AB-41CD-A28C-8F0C80FB9826}.Release|Any CPU.ActiveCfg = Release|Any CPU
		{D766F243-61AB-41CD-A28C-8F0C80FB9826}.Release|Any CPU.Build.0 = Release|Any CPU
		{D766F243-61AB-41CD-A28C-8F0C80FB9826}.Release|x64.ActiveCfg = Release|Any CPU
		{D766F243-61AB-41CD-A28C-8F0C80FB9826}.Release|x64.Build.0 = Release|Any CPU
		{D766F243-61AB-41CD-A28C-8F0C80FB9826}.Release|x86.ActiveCfg = Release|Any CPU
		{D766F243-61AB-41CD-A28C-8F0C80FB9826}.Release|x86.Build.0 = Release|Any CPU
		{825DEC42-BDEB-4D08-8A03-9504F84EB61D}.Debug|Any CPU.ActiveCfg = Debug|Any CPU
		{825DEC42-BDEB-4D08-8A03-9504F84EB61D}.Debug|Any CPU.Build.0 = Debug|Any CPU
		{825DEC42-BDEB-4D08-8A03-9504F84EB61D}.Debug|x64.ActiveCfg = Debug|Any CPU
		{825DEC42-BDEB-4D08-8A03-9504F84EB61D}.Debug|x64.Build.0 = Debug|Any CPU
		{825DEC42-BDEB-4D08-8A03-9504F84EB61D}.Debug|x86.ActiveCfg = Debug|Any CPU
		{825DEC42-BDEB-4D08-8A03-9504F84EB61D}.Debug|x86.Build.0 = Debug|Any CPU
		{825DEC42-BDEB-4D08-8A03-9504F84EB61D}.Release|Any CPU.ActiveCfg = Release|Any CPU
		{825DEC42-BDEB-4D08-8A03-9504F84EB61D}.Release|Any CPU.Build.0 = Release|Any CPU
		{825DEC42-BDEB-4D08-8A03-9504F84EB61D}.Release|x64.ActiveCfg = Release|Any CPU
		{825DEC42-BDEB-4D08-8A03-9504F84EB61D}.Release|x64.Build.0 = Release|Any CPU
		{825DEC42-BDEB-4D08-8A03-9504F84EB61D}.Release|x86.ActiveCfg = Release|Any CPU
		{825DEC42-BDEB-4D08-8A03-9504F84EB61D}.Release|x86.Build.0 = Release|Any CPU
	EndGlobalSection
	GlobalSection(SolutionProperties) = preSolution
		HideSolutionNode = FALSE
	EndGlobalSection
EndGlobal
