Microsoft Visual Studio Solution File, Format Version 12.00
# Visual Studio Version 17
VisualStudioVersion = 17.5.2.0
MinimumVisualStudioVersion = 10.0.40219.1
Project("{FAE04EC0-301F-11D3-BF4B-00C04F79EFBC}") = "UmkmCRUD", "UmkmCRUD.csproj", "{E62593E6-EED0-5C8A-CB41-644EFA9F8EB2}"
EndProject
Global
	GlobalSection(SolutionConfigurationPlatforms) = preSolution
		Debug|Any CPU = Debug|Any CPU
		Release|Any CPU = Release|Any CPU
	EndGlobalSection
	GlobalSection(ProjectConfigurationPlatforms) = postSolution
		{E62593E6-EED0-5C8A-CB41-644EFA9F8EB2}.Debug|Any CPU.ActiveCfg = Debug|Any CPU
		{E62593E6-EED0-5C8A-CB41-644EFA9F8EB2}.Debug|Any CPU.Build.0 = Debug|Any CPU
		{E62593E6-EED0-5C8A-CB41-644EFA9F8EB2}.Release|Any CPU.ActiveCfg = Release|Any CPU
		{E62593E6-EED0-5C8A-CB41-644EFA9F8EB2}.Release|Any CPU.Build.0 = Release|Any CPU
	EndGlobalSection
	GlobalSection(SolutionProperties) = preSolution
		HideSolutionNode = FALSE
	EndGlobalSection
	GlobalSection(ExtensibilityGlobals) = postSolution
		SolutionGuid = {BBB140B8-D8C9-43BD-BC87-3F8B1E7FF798}
	EndGlobalSection
EndGlobal
